
Microsoft Visual Studio Solution File, Format Version 12.00
# Visual Studio 15
VisualStudioVersion = 15.0.26730.12
MinimumVisualStudioVersion = 10.0.40219.1
Project("{FAE04EC0-301F-11D3-BF4B-00C04F79EFBC}") = "Reporting", "Reporting.csproj", "{927EBEB8-53F0-4469-9FCB-B3DA4C5A084D}"
EndProject
Global
	GlobalSection(SolutionConfigurationPlatforms) = preSolution
		Debug|Any CPU = Debug|Any CPU
		Release|Any CPU = Release|Any CPU
	EndGlobalSection
	GlobalSection(ProjectConfigurationPlatforms) = postSolution
		{927EBEB8-53F0-4469-9FCB-B3DA4C5A084D}.Debug|Any CPU.ActiveCfg = Debug|Any CPU
		{927EBEB8-53F0-4469-9FCB-B3DA4C5A084D}.Debug|Any CPU.Build.0 = Debug|Any CPU
		{927EBEB8-53F0-4469-9FCB-B3DA4C5A084D}.Release|Any CPU.ActiveCfg = Release|Any CPU
		{927EBEB8-53F0-4469-9FCB-B3DA4C5A084D}.Release|Any CPU.Build.0 = Release|Any CPU
	EndGlobalSection
	GlobalSection(SolutionProperties) = preSolution
		HideSolutionNode = FALSE
	EndGlobalSection
	GlobalSection(ExtensibilityGlobals) = postSolution
		SolutionGuid = {FEE1114D-2BED-417D-A158-7006C45F3678}
	EndGlobalSection
EndGlobal
